// !$*UTF8*$!
{
	archiveVersion = 1;
	classes = {
	};
	objectVersion = 50;
	objects = {

/* Begin PBXBuildFile section */
		8636B80A23FC322400C319DD /* Pin+Extension.swift in Sources */ = {isa = PBXBuildFile; fileRef = 8636B80923FC322400C319DD /* Pin+Extension.swift */; };
		8636B80C23FC323C00C319DD /* Photo+Extension.swift in Sources */ = {isa = PBXBuildFile; fileRef = 8636B80B23FC323C00C319DD /* Photo+Extension.swift */; };
		8636B80F23FDAA9100C319DD /* TravelLocationMapViewController+Extension.swift in Sources */ = {isa = PBXBuildFile; fileRef = 8636B80E23FDAA9100C319DD /* TravelLocationMapViewController+Extension.swift */; };
		8636B81123FF2D0200C319DD /* LastMapPosition+Extension.swift in Sources */ = {isa = PBXBuildFile; fileRef = 8636B81023FF2D0200C319DD /* LastMapPosition+Extension.swift */; };
		86556E5E23FB014A004CBA66 /* UICollectionView+Extension.swift in Sources */ = {isa = PBXBuildFile; fileRef = 86556E5D23FB014A004CBA66 /* UICollectionView+Extension.swift */; };
		C45483B82402006F00C6CF68 /* VTourist.xcdatamodeld in Sources */ = {isa = PBXBuildFile; fileRef = C45483B62402006F00C6CF68 /* VTourist.xcdatamodeld */; };
		C495262423F61434005BD043 /* PhotoAlbumViewController.swift in Sources */ = {isa = PBXBuildFile; fileRef = C495262323F61434005BD043 /* PhotoAlbumViewController.swift */; };
		C495262623F61798005BD043 /* ViewController+Extension.swift in Sources */ = {isa = PBXBuildFile; fileRef = C495262523F61798005BD043 /* ViewController+Extension.swift */; };
		C495262B23F64031005BD043 /* Constants.swift in Sources */ = {isa = PBXBuildFile; fileRef = C495262A23F64031005BD043 /* Constants.swift */; };
		C495262D23F81CE4005BD043 /* PersistentContainer.swift in Sources */ = {isa = PBXBuildFile; fileRef = C495262C23F81CE4005BD043 /* PersistentContainer.swift */; };
		C495263023F87056005BD043 /* FlickrClient.swift in Sources */ = {isa = PBXBuildFile; fileRef = C495262F23F87056005BD043 /* FlickrClient.swift */; };
		C495263323F87C2C005BD043 /* PhotoAlbumResponse.swift in Sources */ = {isa = PBXBuildFile; fileRef = C495263223F87C2C005BD043 /* PhotoAlbumResponse.swift */; };
		C495263523F87D24005BD043 /* PhotoAlbum.swift in Sources */ = {isa = PBXBuildFile; fileRef = C495263423F87D24005BD043 /* PhotoAlbum.swift */; };
		C495263723F87DF2005BD043 /* Image.swift in Sources */ = {isa = PBXBuildFile; fileRef = C495263623F87DF2005BD043 /* Image.swift */; };
		C495263923F88CAE005BD043 /* ErrorResponse.swift in Sources */ = {isa = PBXBuildFile; fileRef = C495263823F88CAE005BD043 /* ErrorResponse.swift */; };
		C495263B23F8C014005BD043 /* PhotoAlbumViewController+CollectionView.swift in Sources */ = {isa = PBXBuildFile; fileRef = C495263A23F8C014005BD043 /* PhotoAlbumViewController+CollectionView.swift */; };
		C495265023F9D29B005BD043 /* CollectionViewCell.swift in Sources */ = {isa = PBXBuildFile; fileRef = C495264F23F9D29B005BD043 /* CollectionViewCell.swift */; };
		C49D343723F3A80D0062224E /* AppDelegate.swift in Sources */ = {isa = PBXBuildFile; fileRef = C49D343623F3A80D0062224E /* AppDelegate.swift */; };
		C49D343923F3A80D0062224E /* SceneDelegate.swift in Sources */ = {isa = PBXBuildFile; fileRef = C49D343823F3A80D0062224E /* SceneDelegate.swift */; };
		C49D343B23F3A80D0062224E /* TravelLocationMapViewController.swift in Sources */ = {isa = PBXBuildFile; fileRef = C49D343A23F3A80D0062224E /* TravelLocationMapViewController.swift */; };
		C49D343E23F3A80D0062224E /* Main.storyboard in Resources */ = {isa = PBXBuildFile; fileRef = C49D343C23F3A80D0062224E /* Main.storyboard */; };
		C49D344323F3A80F0062224E /* Assets.xcassets in Resources */ = {isa = PBXBuildFile; fileRef = C49D344223F3A80F0062224E /* Assets.xcassets */; };
		C49D344623F3A80F0062224E /* LaunchScreen.storyboard in Resources */ = {isa = PBXBuildFile; fileRef = C49D344423F3A80F0062224E /* LaunchScreen.storyboard */; };
		C4E9B46F23FF53CD001C03D0 /* PhotoAlbumViewController+NSFetchResult.swift in Sources */ = {isa = PBXBuildFile; fileRef = C4E9B46E23FF53CD001C03D0 /* PhotoAlbumViewController+NSFetchResult.swift */; };
/* End PBXBuildFile section */

/* Begin PBXFileReference section */
		8636B80923FC322400C319DD /* Pin+Extension.swift */ = {isa = PBXFileReference; lastKnownFileType = sourcecode.swift; path = "Pin+Extension.swift"; sourceTree = "<group>"; };
		8636B80B23FC323C00C319DD /* Photo+Extension.swift */ = {isa = PBXFileReference; lastKnownFileType = sourcecode.swift; path = "Photo+Extension.swift"; sourceTree = "<group>"; };
		8636B80E23FDAA9100C319DD /* TravelLocationMapViewController+Extension.swift */ = {isa = PBXFileReference; lastKnownFileType = sourcecode.swift; path = "TravelLocationMapViewController+Extension.swift"; sourceTree = "<group>"; };
		8636B81023FF2D0200C319DD /* LastMapPosition+Extension.swift */ = {isa = PBXFileReference; lastKnownFileType = sourcecode.swift; path = "LastMapPosition+Extension.swift"; sourceTree = "<group>"; };
		86556E5D23FB014A004CBA66 /* UICollectionView+Extension.swift */ = {isa = PBXFileReference; lastKnownFileType = sourcecode.swift; path = "UICollectionView+Extension.swift"; sourceTree = "<group>"; };
		C45483B72402006F00C6CF68 /* VTourist.xcdatamodel */ = {isa = PBXFileReference; lastKnownFileType = wrapper.xcdatamodel; path = VTourist.xcdatamodel; sourceTree = "<group>"; };
		C495262323F61434005BD043 /* PhotoAlbumViewController.swift */ = {isa = PBXFileReference; lastKnownFileType = sourcecode.swift; path = PhotoAlbumViewController.swift; sourceTree = "<group>"; };
		C495262523F61798005BD043 /* ViewController+Extension.swift */ = {isa = PBXFileReference; lastKnownFileType = sourcecode.swift; path = "ViewController+Extension.swift"; sourceTree = "<group>"; };
		C495262A23F64031005BD043 /* Constants.swift */ = {isa = PBXFileReference; fileEncoding = 4; lastKnownFileType = sourcecode.swift; path = Constants.swift; sourceTree = "<group>"; };
		C495262C23F81CE4005BD043 /* PersistentContainer.swift */ = {isa = PBXFileReference; lastKnownFileType = sourcecode.swift; path = PersistentContainer.swift; sourceTree = "<group>"; };
		C495262F23F87056005BD043 /* FlickrClient.swift */ = {isa = PBXFileReference; lastKnownFileType = sourcecode.swift; path = FlickrClient.swift; sourceTree = "<group>"; };
		C495263223F87C2C005BD043 /* PhotoAlbumResponse.swift */ = {isa = PBXFileReference; lastKnownFileType = sourcecode.swift; path = PhotoAlbumResponse.swift; sourceTree = "<group>"; };
		C495263423F87D24005BD043 /* PhotoAlbum.swift */ = {isa = PBXFileReference; lastKnownFileType = sourcecode.swift; path = PhotoAlbum.swift; sourceTree = "<group>"; };
		C495263623F87DF2005BD043 /* Image.swift */ = {isa = PBXFileReference; lastKnownFileType = sourcecode.swift; path = Image.swift; sourceTree = "<group>"; };
		C495263823F88CAE005BD043 /* ErrorResponse.swift */ = {isa = PBXFileReference; lastKnownFileType = sourcecode.swift; path = ErrorResponse.swift; sourceTree = "<group>"; };
		C495263A23F8C014005BD043 /* PhotoAlbumViewController+CollectionView.swift */ = {isa = PBXFileReference; lastKnownFileType = sourcecode.swift; path = "PhotoAlbumViewController+CollectionView.swift"; sourceTree = "<group>"; };
		C495264F23F9D29B005BD043 /* CollectionViewCell.swift */ = {isa = PBXFileReference; lastKnownFileType = sourcecode.swift; path = CollectionViewCell.swift; sourceTree = "<group>"; };
		C49D343323F3A80D0062224E /* VirtualTourist.app */ = {isa = PBXFileReference; explicitFileType = wrapper.application; includeInIndex = 0; path = VirtualTourist.app; sourceTree = BUILT_PRODUCTS_DIR; };
		C49D343623F3A80D0062224E /* AppDelegate.swift */ = {isa = PBXFileReference; lastKnownFileType = sourcecode.swift; path = AppDelegate.swift; sourceTree = "<group>"; };
		C49D343823F3A80D0062224E /* SceneDelegate.swift */ = {isa = PBXFileReference; lastKnownFileType = sourcecode.swift; path = SceneDelegate.swift; sourceTree = "<group>"; };
		C49D343A23F3A80D0062224E /* TravelLocationMapViewController.swift */ = {isa = PBXFileReference; lastKnownFileType = sourcecode.swift; path = TravelLocationMapViewController.swift; sourceTree = "<group>"; };
		C49D343D23F3A80D0062224E /* Base */ = {isa = PBXFileReference; lastKnownFileType = file.storyboard; name = Base; path = Base.lproj/Main.storyboard; sourceTree = "<group>"; };
		C49D344223F3A80F0062224E /* Assets.xcassets */ = {isa = PBXFileReference; lastKnownFileType = folder.assetcatalog; path = Assets.xcassets; sourceTree = "<group>"; };
		C49D344523F3A80F0062224E /* Base */ = {isa = PBXFileReference; lastKnownFileType = file.storyboard; name = Base; path = Base.lproj/LaunchScreen.storyboard; sourceTree = "<group>"; };
		C49D344723F3A80F0062224E /* Info.plist */ = {isa = PBXFileReference; lastKnownFileType = text.plist.xml; path = Info.plist; sourceTree = "<group>"; };
		C4E9B46823FB8B89001C03D0 /* OpenSans-Regular.ttf */ = {isa = PBXFileReference; lastKnownFileType = file; path = "OpenSans-Regular.ttf"; sourceTree = "<group>"; };
		C4E9B46E23FF53CD001C03D0 /* PhotoAlbumViewController+NSFetchResult.swift */ = {isa = PBXFileReference; lastKnownFileType = sourcecode.swift; path = "PhotoAlbumViewController+NSFetchResult.swift"; sourceTree = "<group>"; };
/* End PBXFileReference section */

/* Begin PBXFrameworksBuildPhase section */
		C49D343023F3A80D0062224E /* Frameworks */ = {
			isa = PBXFrameworksBuildPhase;
			buildActionMask = 2147483647;
			files = (
			);
			runOnlyForDeploymentPostprocessing = 0;
		};
/* End PBXFrameworksBuildPhase section */

/* Begin PBXGroup section */
		C495262723F63D82005BD043 /* Extensions */ = {
			isa = PBXGroup;
			children = (
				C495262523F61798005BD043 /* ViewController+Extension.swift */,
				C495263A23F8C014005BD043 /* PhotoAlbumViewController+CollectionView.swift */,
				C4E9B46E23FF53CD001C03D0 /* PhotoAlbumViewController+NSFetchResult.swift */,
				86556E5D23FB014A004CBA66 /* UICollectionView+Extension.swift */,
				8636B80E23FDAA9100C319DD /* TravelLocationMapViewController+Extension.swift */,
			);
			path = Extensions;
			sourceTree = "<group>";
		};
		C495263123F87C17005BD043 /* Flickr */ = {
			isa = PBXGroup;
			children = (
				C495263223F87C2C005BD043 /* PhotoAlbumResponse.swift */,
				C495263423F87D24005BD043 /* PhotoAlbum.swift */,
				C495263623F87DF2005BD043 /* Image.swift */,
				C495263823F88CAE005BD043 /* ErrorResponse.swift */,
			);
			path = Flickr;
			sourceTree = "<group>";
		};
		C49D342A23F3A80D0062224E = {
			isa = PBXGroup;
			children = (
				C49D343523F3A80D0062224E /* VirtualTourist */,
				C49D343423F3A80D0062224E /* Products */,
			);
			sourceTree = "<group>";
		};
		C49D343423F3A80D0062224E /* Products */ = {
			isa = PBXGroup;
			children = (
				C49D343323F3A80D0062224E /* VirtualTourist.app */,
			);
			name = Products;
			sourceTree = "<group>";
		};
		C49D343523F3A80D0062224E /* VirtualTourist */ = {
			isa = PBXGroup;
			children = (
				C4E9B46723FB8B58001C03D0 /* Assets */,
				C49D344D23F3A81C0062224E /* Model */,
				C49D344E23F3A8270062224E /* Controller */,
				C49D344F23F3A8340062224E /* View */,
				C49D343623F3A80D0062224E /* AppDelegate.swift */,
				C49D343823F3A80D0062224E /* SceneDelegate.swift */,
				C49D344723F3A80F0062224E /* Info.plist */,
				C4E9B46923FB8BD4001C03D0 /* Storyboards */,
			);
			path = VirtualTourist;
			sourceTree = "<group>";
		};
		C49D344D23F3A81C0062224E /* Model */ = {
			isa = PBXGroup;
			children = (
				C495262F23F87056005BD043 /* FlickrClient.swift */,
				C495263123F87C17005BD043 /* Flickr */,
				C495262A23F64031005BD043 /* Constants.swift */,
				C4E9B46D23FCEE75001C03D0 /* ManagedObjectContext */,
				C45483B62402006F00C6CF68 /* VTourist.xcdatamodeld */,
			);
			path = Model;
			sourceTree = "<group>";
		};
		C49D344E23F3A8270062224E /* Controller */ = {
			isa = PBXGroup;
			children = (
				C495262723F63D82005BD043 /* Extensions */,
				C49D343A23F3A80D0062224E /* TravelLocationMapViewController.swift */,
				C495262323F61434005BD043 /* PhotoAlbumViewController.swift */,
			);
			path = Controller;
			sourceTree = "<group>";
		};
		C49D344F23F3A8340062224E /* View */ = {
			isa = PBXGroup;
			children = (
				C495264F23F9D29B005BD043 /* CollectionViewCell.swift */,
			);
			path = View;
			sourceTree = "<group>";
		};
		C4E9B46723FB8B58001C03D0 /* Assets */ = {
			isa = PBXGroup;
			children = (
				C4E9B46823FB8B89001C03D0 /* OpenSans-Regular.ttf */,
				C49D344223F3A80F0062224E /* Assets.xcassets */,
			);
			path = Assets;
			sourceTree = "<group>";
		};
		C4E9B46923FB8BD4001C03D0 /* Storyboards */ = {
			isa = PBXGroup;
			children = (
				C49D343C23F3A80D0062224E /* Main.storyboard */,
				C49D344423F3A80F0062224E /* LaunchScreen.storyboard */,
			);
			path = Storyboards;
			sourceTree = "<group>";
		};
		C4E9B46D23FCEE75001C03D0 /* ManagedObjectContext */ = {
			isa = PBXGroup;
			children = (
				C495262C23F81CE4005BD043 /* PersistentContainer.swift */,
				8636B80923FC322400C319DD /* Pin+Extension.swift */,
				8636B80B23FC323C00C319DD /* Photo+Extension.swift */,
				8636B81023FF2D0200C319DD /* LastMapPosition+Extension.swift */,
			);
			path = ManagedObjectContext;
			sourceTree = "<group>";
		};
/* End PBXGroup section */

/* Begin PBXNativeTarget section */
		C49D343223F3A80D0062224E /* VirtualTourist */ = {
			isa = PBXNativeTarget;
			buildConfigurationList = C49D344A23F3A80F0062224E /* Build configuration list for PBXNativeTarget "VirtualTourist" */;
			buildPhases = (
				C49D342F23F3A80D0062224E /* Sources */,
				C49D343023F3A80D0062224E /* Frameworks */,
				C49D343123F3A80D0062224E /* Resources */,
			);
			buildRules = (
			);
			dependencies = (
			);
			name = VirtualTourist;
			packageProductDependencies = (
			);
			productName = VirtualTourist;
			productReference = C49D343323F3A80D0062224E /* VirtualTourist.app */;
			productType = "com.apple.product-type.application";
		};
/* End PBXNativeTarget section */

/* Begin PBXProject section */
		C49D342B23F3A80D0062224E /* Project object */ = {
			isa = PBXProject;
			attributes = {
				LastSwiftUpdateCheck = 1130;
				LastUpgradeCheck = 1130;
				ORGANIZATIONNAME = "Cristhian Recalde";
				TargetAttributes = {
					C49D343223F3A80D0062224E = {
						CreatedOnToolsVersion = 11.3.1;
					};
				};
			};
			buildConfigurationList = C49D342E23F3A80D0062224E /* Build configuration list for PBXProject "VirtualTourist" */;
			compatibilityVersion = "Xcode 9.3";
			developmentRegion = en;
			hasScannedForEncodings = 0;
			knownRegions = (
				en,
				Base,
			);
			mainGroup = C49D342A23F3A80D0062224E;
			packageReferences = (
			);
			productRefGroup = C49D343423F3A80D0062224E /* Products */;
			projectDirPath = "";
			projectRoot = "";
			targets = (
				C49D343223F3A80D0062224E /* VirtualTourist */,
			);
		};
/* End PBXProject section */

/* Begin PBXResourcesBuildPhase section */
		C49D343123F3A80D0062224E /* Resources */ = {
			isa = PBXResourcesBuildPhase;
			buildActionMask = 2147483647;
			files = (
				C49D344623F3A80F0062224E /* LaunchScreen.storyboard in Resources */,
				C49D344323F3A80F0062224E /* Assets.xcassets in Resources */,
				C49D343E23F3A80D0062224E /* Main.storyboard in Resources */,
			);
			runOnlyForDeploymentPostprocessing = 0;
		};
/* End PBXResourcesBuildPhase section */

/* Begin PBXSourcesBuildPhase section */
		C49D342F23F3A80D0062224E /* Sources */ = {
			isa = PBXSourcesBuildPhase;
			buildActionMask = 2147483647;
			files = (
				C45483B82402006F00C6CF68 /* VTourist.xcdatamodeld in Sources */,
				86556E5E23FB014A004CBA66 /* UICollectionView+Extension.swift in Sources */,
				C495263723F87DF2005BD043 /* Image.swift in Sources */,
				8636B80C23FC323C00C319DD /* Photo+Extension.swift in Sources */,
				C495262423F61434005BD043 /* PhotoAlbumViewController.swift in Sources */,
				C495263523F87D24005BD043 /* PhotoAlbum.swift in Sources */,
				C495263B23F8C014005BD043 /* PhotoAlbumViewController+CollectionView.swift in Sources */,
				C495263323F87C2C005BD043 /* PhotoAlbumResponse.swift in Sources */,
				C495265023F9D29B005BD043 /* CollectionViewCell.swift in Sources */,
				C495262D23F81CE4005BD043 /* PersistentContainer.swift in Sources */,
				C49D343B23F3A80D0062224E /* TravelLocationMapViewController.swift in Sources */,
				8636B80A23FC322400C319DD /* Pin+Extension.swift in Sources */,
				8636B80F23FDAA9100C319DD /* TravelLocationMapViewController+Extension.swift in Sources */,
				C49D343723F3A80D0062224E /* AppDelegate.swift in Sources */,
				C495262623F61798005BD043 /* ViewController+Extension.swift in Sources */,
				C49D343923F3A80D0062224E /* SceneDelegate.swift in Sources */,
				C4E9B46F23FF53CD001C03D0 /* PhotoAlbumViewController+NSFetchResult.swift in Sources */,
				C495262B23F64031005BD043 /* Constants.swift in Sources */,
				C495263023F87056005BD043 /* FlickrClient.swift in Sources */,
				C495263923F88CAE005BD043 /* ErrorResponse.swift in Sources */,
				8636B81123FF2D0200C319DD /* LastMapPosition+Extension.swift in Sources */,
			);
			runOnlyForDeploymentPostprocessing = 0;
		};
/* End PBXSourcesBuildPhase section */

/* Begin PBXVariantGroup section */
		C49D343C23F3A80D0062224E /* Main.storyboard */ = {
			isa = PBXVariantGroup;
			children = (
				C49D343D23F3A80D0062224E /* Base */,
			);
			name = Main.storyboard;
			sourceTree = "<group>";
		};
		C49D344423F3A80F0062224E /* LaunchScreen.storyboard */ = {
			isa = PBXVariantGroup;
			children = (
				C49D344523F3A80F0062224E /* Base */,
			);
			name = LaunchScreen.storyboard;
			sourceTree = "<group>";
		};
/* End PBXVariantGroup section */

/* Begin XCBuildConfiguration section */
		C49D344823F3A80F0062224E /* Debug */ = {
			isa = XCBuildConfiguration;
			buildSettings = {
				ALWAYS_SEARCH_USER_PATHS = NO;
				CLANG_ANALYZER_NONNULL = YES;
				CLANG_ANALYZER_NUMBER_OBJECT_CONVERSION = YES_AGGRESSIVE;
				CLANG_CXX_LANGUAGE_STANDARD = "gnu++14";
				CLANG_CXX_LIBRARY = "libc++";
				CLANG_ENABLE_MODULES = YES;
				CLANG_ENABLE_OBJC_ARC = YES;
				CLANG_ENABLE_OBJC_WEAK = YES;
				CLANG_WARN_BLOCK_CAPTURE_AUTORELEASING = YES;
				CLANG_WARN_BOOL_CONVERSION = YES;
				CLANG_WARN_COMMA = YES;
				CLANG_WARN_CONSTANT_CONVERSION = YES;
				CLANG_WARN_DEPRECATED_OBJC_IMPLEMENTATIONS = YES;
				CLANG_WARN_DIRECT_OBJC_ISA_USAGE = YES_ERROR;
				CLANG_WARN_DOCUMENTATION_COMMENTS = YES;
				CLANG_WARN_EMPTY_BODY = YES;
				CLANG_WARN_ENUM_CONVERSION = YES;
				CLANG_WARN_INFINITE_RECURSION = YES;
				CLANG_WARN_INT_CONVERSION = YES;
				CLANG_WARN_NON_LITERAL_NULL_CONVERSION = YES;
				CLANG_WARN_OBJC_IMPLICIT_RETAIN_SELF = YES;
				CLANG_WARN_OBJC_LITERAL_CONVERSION = YES;
				CLANG_WARN_OBJC_ROOT_CLASS = YES_ERROR;
				CLANG_WARN_RANGE_LOOP_ANALYSIS = YES;
				CLANG_WARN_STRICT_PROTOTYPES = YES;
				CLANG_WARN_SUSPICIOUS_MOVE = YES;
				CLANG_WARN_UNGUARDED_AVAILABILITY = YES_AGGRESSIVE;
				CLANG_WARN_UNREACHABLE_CODE = YES;
				CLANG_WARN__DUPLICATE_METHOD_MATCH = YES;
				COPY_PHASE_STRIP = NO;
				DEBUG_INFORMATION_FORMAT = dwarf;
				ENABLE_STRICT_OBJC_MSGSEND = YES;
				ENABLE_TESTABILITY = YES;
				GCC_C_LANGUAGE_STANDARD = gnu11;
				GCC_DYNAMIC_NO_PIC = NO;
				GCC_NO_COMMON_BLOCKS = YES;
				GCC_OPTIMIZATION_LEVEL = 0;
				GCC_PREPROCESSOR_DEFINITIONS = (
					"DEBUG=1",
					"$(inherited)",
				);
				GCC_WARN_64_TO_32_BIT_CONVERSION = YES;
				GCC_WARN_ABOUT_RETURN_TYPE = YES_ERROR;
				GCC_WARN_UNDECLARED_SELECTOR = YES;
				GCC_WARN_UNINITIALIZED_AUTOS = YES_AGGRESSIVE;
				GCC_WARN_UNUSED_FUNCTION = YES;
				GCC_WARN_UNUSED_VARIABLE = YES;
				IPHONEOS_DEPLOYMENT_TARGET = 13.2;
				MTL_ENABLE_DEBUG_INFO = INCLUDE_SOURCE;
				MTL_FAST_MATH = YES;
				ONLY_ACTIVE_ARCH = YES;
				SDKROOT = iphoneos;
				SWIFT_ACTIVE_COMPILATION_CONDITIONS = DEBUG;
				SWIFT_OPTIMIZATION_LEVEL = "-Onone";
			};
			name = Debug;
		};
		C49D344923F3A80F0062224E /* Release */ = {
			isa = XCBuildConfiguration;
			buildSettings = {
				ALWAYS_SEARCH_USER_PATHS = NO;
				CLANG_ANALYZER_NONNULL = YES;
				CLANG_ANALYZER_NUMBER_OBJECT_CONVERSION = YES_AGGRESSIVE;
				CLANG_CXX_LANGUAGE_STANDARD = "gnu++14";
				CLANG_CXX_LIBRARY = "libc++";
				CLANG_ENABLE_MODULES = YES;
				CLANG_ENABLE_OBJC_ARC = YES;
				CLANG_ENABLE_OBJC_WEAK = YES;
				CLANG_WARN_BLOCK_CAPTURE_AUTORELEASING = YES;
				CLANG_WARN_BOOL_CONVERSION = YES;
				CLANG_WARN_COMMA = YES;
				CLANG_WARN_CONSTANT_CONVERSION = YES;
				CLANG_WARN_DEPRECATED_OBJC_IMPLEMENTATIONS = YES;
				CLANG_WARN_DIRECT_OBJC_ISA_USAGE = YES_ERROR;
				CLANG_WARN_DOCUMENTATION_COMMENTS = YES;
				CLANG_WARN_EMPTY_BODY = YES;
				CLANG_WARN_ENUM_CONVERSION = YES;
				CLANG_WARN_INFINITE_RECURSION = YES;
				CLANG_WARN_INT_CONVERSION = YES;
				CLANG_WARN_NON_LITERAL_NULL_CONVERSION = YES;
				CLANG_WARN_OBJC_IMPLICIT_RETAIN_SELF = YES;
				CLANG_WARN_OBJC_LITERAL_CONVERSION = YES;
				CLANG_WARN_OBJC_ROOT_CLASS = YES_ERROR;
				CLANG_WARN_RANGE_LOOP_ANALYSIS = YES;
				CLANG_WARN_STRICT_PROTOTYPES = YES;
				CLANG_WARN_SUSPICIOUS_MOVE = YES;
				CLANG_WARN_UNGUARDED_AVAILABILITY = YES_AGGRESSIVE;
				CLANG_WARN_UNREACHABLE_CODE = YES;
				CLANG_WARN__DUPLICATE_METHOD_MATCH = YES;
				COPY_PHASE_STRIP = NO;
				DEBUG_INFORMATION_FORMAT = "dwarf-with-dsym";
				ENABLE_NS_ASSERTIONS = NO;
				ENABLE_STRICT_OBJC_MSGSEND = YES;
				GCC_C_LANGUAGE_STANDARD = gnu11;
				GCC_NO_COMMON_BLOCKS = YES;
				GCC_WARN_64_TO_32_BIT_CONVERSION = YES;
				GCC_WARN_ABOUT_RETURN_TYPE = YES_ERROR;
				GCC_WARN_UNDECLARED_SELECTOR = YES;
				GCC_WARN_UNINITIALIZED_AUTOS = YES_AGGRESSIVE;
				GCC_WARN_UNUSED_FUNCTION = YES;
				GCC_WARN_UNUSED_VARIABLE = YES;
				IPHONEOS_DEPLOYMENT_TARGET = 13.2;
				MTL_ENABLE_DEBUG_INFO = NO;
				MTL_FAST_MATH = YES;
				SDKROOT = iphoneos;
				SWIFT_COMPILATION_MODE = wholemodule;
				SWIFT_OPTIMIZATION_LEVEL = "-O";
				VALIDATE_PRODUCT = YES;
			};
			name = Release;
		};
		C49D344B23F3A80F0062224E /* Debug */ = {
			isa = XCBuildConfiguration;
			buildSettings = {
				ASSETCATALOG_COMPILER_APPICON_NAME = AppIcon;
				CODE_SIGN_STYLE = Automatic;
				DEVELOPMENT_TEAM = M5X6C8M57F;
				INFOPLIST_FILE = VirtualTourist/Info.plist;
				LD_RUNPATH_SEARCH_PATHS = (
					"$(inherited)",
					"@executable_path/Frameworks",
				);
				PRODUCT_BUNDLE_IDENTIFIER = py.com.snowtech.VirtualTourist;
				PRODUCT_NAME = "$(TARGET_NAME)";
				SWIFT_VERSION = 5.0;
				TARGETED_DEVICE_FAMILY = "1,2";
			};
			name = Debug;
		};
		C49D344C23F3A80F0062224E /* Release */ = {
			isa = XCBuildConfiguration;
			buildSettings = {
				ASSETCATALOG_COMPILER_APPICON_NAME = AppIcon;
				CODE_SIGN_STYLE = Automatic;
				DEVELOPMENT_TEAM = M5X6C8M57F;
				INFOPLIST_FILE = VirtualTourist/Info.plist;
				LD_RUNPATH_SEARCH_PATHS = (
					"$(inherited)",
					"@executable_path/Frameworks",
				);
				PRODUCT_BUNDLE_IDENTIFIER = py.com.snowtech.VirtualTourist;
				PRODUCT_NAME = "$(TARGET_NAME)";
				SWIFT_VERSION = 5.0;
				TARGETED_DEVICE_FAMILY = "1,2";
			};
			name = Release;
		};
/* End XCBuildConfiguration section */

/* Begin XCConfigurationList section */
		C49D342E23F3A80D0062224E /* Build configuration list for PBXProject "VirtualTourist" */ = {
			isa = XCConfigurationList;
			buildConfigurations = (
				C49D344823F3A80F0062224E /* Debug */,
				C49D344923F3A80F0062224E /* Release */,
			);
			defaultConfigurationIsVisible = 0;
			defaultConfigurationName = Release;
		};
		C49D344A23F3A80F0062224E /* Build configuration list for PBXNativeTarget "VirtualTourist" */ = {
			isa = XCConfigurationList;
			buildConfigurations = (
				C49D344B23F3A80F0062224E /* Debug */,
				C49D344C23F3A80F0062224E /* Release */,
			);
			defaultConfigurationIsVisible = 0;
			defaultConfigurationName = Release;
		};
/* End XCConfigurationList section */

/* Begin XCVersionGroup section */
		C45483B62402006F00C6CF68 /* VTourist.xcdatamodeld */ = {
			isa = XCVersionGroup;
			children = (
				C45483B72402006F00C6CF68 /* VTourist.xcdatamodel */,
			);
			currentVersion = C45483B72402006F00C6CF68 /* VTourist.xcdatamodel */;
			path = VTourist.xcdatamodeld;
			sourceTree = "<group>";
			versionGroupType = wrapper.xcdatamodel;
		};
/* End XCVersionGroup section */
	};
	rootObject = C49D342B23F3A80D0062224E /* Project object */;
}
